// !$*UTF8*$!
{
	archiveVersion = 1;
	classes = {
	};
	objectVersion = 46;
	objects = {

/* Begin PBXBuildFile section */
		89306EB51E5E322100CCBF31 /* TrackManager.swift in Sources */ = {isa = PBXBuildFile; fileRef = 89306EB41E5E322100CCBF31 /* TrackManager.swift */; };
		893C4EA71E6F2CCB0090869A /* TrackManager.h in Headers */ = {isa = PBXBuildFile; fileRef = 893C4E901E6F2B800090869A /* TrackManager.h */; settings = {ATTRIBUTES = (Public, ); }; };
		8945AAE01E70558F00086613 /* Connector.swift in Sources */ = {isa = PBXBuildFile; fileRef = 8945AADF1E70558F00086613 /* Connector.swift */; };
		894F60D51E5F3BFE00593229 /* Event.swift in Sources */ = {isa = PBXBuildFile; fileRef = 894F60D41E5F3BFE00593229 /* Event.swift */; };
		898BDB4A1E69E31C002F1DD6 /* ContentViewEvent.swift in Sources */ = {isa = PBXBuildFile; fileRef = 898BDB491E69E31C002F1DD6 /* ContentViewEvent.swift */; };
		898BDB4C1E6A0101002F1DD6 /* Trackable.swift in Sources */ = {isa = PBXBuildFile; fileRef = 898BDB4B1E6A0101002F1DD6 /* Trackable.swift */; };
		898BDB4E1E6A0127002F1DD6 /* LoginEvent.swift in Sources */ = {isa = PBXBuildFile; fileRef = 898BDB4D1E6A0127002F1DD6 /* LoginEvent.swift */; };
		898BDB501E6A014D002F1DD6 /* SearchEvent.swift in Sources */ = {isa = PBXBuildFile; fileRef = 898BDB4F1E6A014D002F1DD6 /* SearchEvent.swift */; };
/* End PBXBuildFile section */

/* Begin PBXFileReference section */
		89306EA91E5E321500CCBF31 /* TrackManager.framework */ = {isa = PBXFileReference; explicitFileType = wrapper.framework; includeInIndex = 0; path = TrackManager.framework; sourceTree = BUILT_PRODUCTS_DIR; };
		89306EAD1E5E321500CCBF31 /* Info.plist */ = {isa = PBXFileReference; lastKnownFileType = text.plist.xml; name = Info.plist; path = TrackManager/Info.plist; sourceTree = "<group>"; };
		89306EB41E5E322100CCBF31 /* TrackManager.swift */ = {isa = PBXFileReference; fileEncoding = 4; lastKnownFileType = sourcecode.swift; path = TrackManager.swift; sourceTree = "<group>"; };
		893C4E901E6F2B800090869A /* TrackManager.h */ = {isa = PBXFileReference; lastKnownFileType = sourcecode.c.h; path = TrackManager.h; sourceTree = "<group>"; };
		8945AADF1E70558F00086613 /* Connector.swift */ = {isa = PBXFileReference; fileEncoding = 4; lastKnownFileType = sourcecode.swift; path = Connector.swift; sourceTree = "<group>"; };
		894F60D41E5F3BFE00593229 /* Event.swift */ = {isa = PBXFileReference; fileEncoding = 4; lastKnownFileType = sourcecode.swift; path = Event.swift; sourceTree = "<group>"; };
		898BDB491E69E31C002F1DD6 /* ContentViewEvent.swift */ = {isa = PBXFileReference; fileEncoding = 4; lastKnownFileType = sourcecode.swift; path = ContentViewEvent.swift; sourceTree = "<group>"; };
		898BDB4B1E6A0101002F1DD6 /* Trackable.swift */ = {isa = PBXFileReference; fileEncoding = 4; lastKnownFileType = sourcecode.swift; path = Trackable.swift; sourceTree = "<group>"; };
		898BDB4D1E6A0127002F1DD6 /* LoginEvent.swift */ = {isa = PBXFileReference; fileEncoding = 4; lastKnownFileType = sourcecode.swift; path = LoginEvent.swift; sourceTree = "<group>"; };
		898BDB4F1E6A014D002F1DD6 /* SearchEvent.swift */ = {isa = PBXFileReference; fileEncoding = 4; lastKnownFileType = sourcecode.swift; path = SearchEvent.swift; sourceTree = "<group>"; };
/* End PBXFileReference section */

/* Begin PBXFrameworksBuildPhase section */
		89306EA51E5E321500CCBF31 /* Frameworks */ = {
			isa = PBXFrameworksBuildPhase;
			buildActionMask = 2147483647;
			files = (
			);
			runOnlyForDeploymentPostprocessing = 0;
		};
/* End PBXFrameworksBuildPhase section */

/* Begin PBXGroup section */
		89306E9F1E5E321500CCBF31 = {
			isa = PBXGroup;
			children = (
				89306EAD1E5E321500CCBF31 /* Info.plist */,
				89306EAB1E5E321500CCBF31 /* TrackManager */,
				89306EAA1E5E321500CCBF31 /* Products */,
				ECD5ADA8D10B935DCC659DA7 /* Frameworks */,
			);
			sourceTree = "<group>";
		};
		89306EAA1E5E321500CCBF31 /* Products */ = {
			isa = PBXGroup;
			children = (
				89306EA91E5E321500CCBF31 /* TrackManager.framework */,
			);
			name = Products;
			sourceTree = "<group>";
		};
		89306EAB1E5E321500CCBF31 /* TrackManager */ = {
			isa = PBXGroup;
			children = (
				893C4E901E6F2B800090869A /* TrackManager.h */,
				898BDB441E69D688002F1DD6 /* Core */,
				898BDB431E69D682002F1DD6 /* Event */,
			);
			path = TrackManager;
			sourceTree = "<group>";
		};
		898BDB431E69D682002F1DD6 /* Event */ = {
			isa = PBXGroup;
			children = (
				894F60D41E5F3BFE00593229 /* Event.swift */,
				898BDB491E69E31C002F1DD6 /* ContentViewEvent.swift */,
				898BDB4D1E6A0127002F1DD6 /* LoginEvent.swift */,
				898BDB4F1E6A014D002F1DD6 /* SearchEvent.swift */,
			);
			name = Event;
			sourceTree = "<group>";
		};
		898BDB441E69D688002F1DD6 /* Core */ = {
			isa = PBXGroup;
			children = (
				89306EB41E5E322100CCBF31 /* TrackManager.swift */,
				898BDB4B1E6A0101002F1DD6 /* Trackable.swift */,
				8945AADF1E70558F00086613 /* Connector.swift */,
			);
			name = Core;
			sourceTree = "<group>";
		};
		ECD5ADA8D10B935DCC659DA7 /* Frameworks */ = {
			isa = PBXGroup;
			children = (
			);
			name = Frameworks;
			sourceTree = "<group>";
		};
/* End PBXGroup section */

/* Begin PBXHeadersBuildPhase section */
		89306EA61E5E321500CCBF31 /* Headers */ = {
			isa = PBXHeadersBuildPhase;
			buildActionMask = 2147483647;
			files = (
				893C4EA71E6F2CCB0090869A /* TrackManager.h in Headers */,
			);
			runOnlyForDeploymentPostprocessing = 0;
		};
/* End PBXHeadersBuildPhase section */

/* Begin PBXNativeTarget section */
		89306EA81E5E321500CCBF31 /* TrackManager */ = {
			isa = PBXNativeTarget;
			buildConfigurationList = 89306EB11E5E321500CCBF31 /* Build configuration list for PBXNativeTarget "TrackManager" */;
			buildPhases = (
				89306EA41E5E321500CCBF31 /* Sources */,
				89306EA51E5E321500CCBF31 /* Frameworks */,
				89306EA61E5E321500CCBF31 /* Headers */,
				89306EA71E5E321500CCBF31 /* Resources */,
			);
			buildRules = (
			);
			dependencies = (
			);
			name = TrackManager;
			productName = TrackManager;
			productReference = 89306EA91E5E321500CCBF31 /* TrackManager.framework */;
			productType = "com.apple.product-type.framework";
		};
/* End PBXNativeTarget section */

/* Begin PBXProject section */
		89306EA01E5E321500CCBF31 /* Project object */ = {
			isa = PBXProject;
			attributes = {
				LastUpgradeCheck = 0820;
				ORGANIZATIONNAME = NET;
				TargetAttributes = {
					89306EA81E5E321500CCBF31 = {
						CreatedOnToolsVersion = 8.2.1;
						DevelopmentTeam = 5MTJV72H66;
						LastSwiftMigration = 0820;
						ProvisioningStyle = Automatic;
					};
				};
			};
			buildConfigurationList = 89306EA31E5E321500CCBF31 /* Build configuration list for PBXProject "TrackManager" */;
			compatibilityVersion = "Xcode 3.2";
			developmentRegion = English;
			hasScannedForEncodings = 0;
			knownRegions = (
				en,
			);
			mainGroup = 89306E9F1E5E321500CCBF31;
			productRefGroup = 89306EAA1E5E321500CCBF31 /* Products */;
			projectDirPath = "";
			projectRoot = "";
			targets = (
				89306EA81E5E321500CCBF31 /* TrackManager */,
			);
		};
/* End PBXProject section */

/* Begin PBXResourcesBuildPhase section */
		89306EA71E5E321500CCBF31 /* Resources */ = {
			isa = PBXResourcesBuildPhase;
			buildActionMask = 2147483647;
			files = (
			);
			runOnlyForDeploymentPostprocessing = 0;
		};
/* End PBXResourcesBuildPhase section */

/* Begin PBXSourcesBuildPhase section */
		89306EA41E5E321500CCBF31 /* Sources */ = {
			isa = PBXSourcesBuildPhase;
			buildActionMask = 2147483647;
			files = (
				894F60D51E5F3BFE00593229 /* Event.swift in Sources */,
				898BDB4A1E69E31C002F1DD6 /* ContentViewEvent.swift in Sources */,
				898BDB4E1E6A0127002F1DD6 /* LoginEvent.swift in Sources */,
				8945AAE01E70558F00086613 /* Connector.swift in Sources */,
				898BDB501E6A014D002F1DD6 /* SearchEvent.swift in Sources */,
				89306EB51E5E322100CCBF31 /* TrackManager.swift in Sources */,
				898BDB4C1E6A0101002F1DD6 /* Trackable.swift in Sources */,
			);
			runOnlyForDeploymentPostprocessing = 0;
		};
/* End PBXSourcesBuildPhase section */

/* Begin XCBuildConfiguration section */
		89306EAF1E5E321500CCBF31 /* Debug */ = {
			isa = XCBuildConfiguration;
			buildSettings = {
				ALWAYS_SEARCH_USER_PATHS = NO;
				CLANG_ANALYZER_NONNULL = YES;
				CLANG_CXX_LANGUAGE_STANDARD = "gnu++0x";
				CLANG_CXX_LIBRARY = "libc++";
				CLANG_ENABLE_MODULES = YES;
				CLANG_ENABLE_OBJC_ARC = YES;
				CLANG_WARN_BOOL_CONVERSION = YES;
				CLANG_WARN_CONSTANT_CONVERSION = YES;
				CLANG_WARN_DIRECT_OBJC_ISA_USAGE = YES_ERROR;
				CLANG_WARN_DOCUMENTATION_COMMENTS = YES;
				CLANG_WARN_EMPTY_BODY = YES;
				CLANG_WARN_ENUM_CONVERSION = YES;
				CLANG_WARN_INFINITE_RECURSION = YES;
				CLANG_WARN_INT_CONVERSION = YES;
				CLANG_WARN_OBJC_ROOT_CLASS = YES_ERROR;
				CLANG_WARN_SUSPICIOUS_MOVE = YES;
				CLANG_WARN_UNREACHABLE_CODE = YES;
				CLANG_WARN__DUPLICATE_METHOD_MATCH = YES;
				"CODE_SIGN_IDENTITY[sdk=iphoneos*]" = "iPhone Developer";
				COPY_PHASE_STRIP = NO;
				CURRENT_PROJECT_VERSION = 1;
				DEBUG_INFORMATION_FORMAT = dwarf;
				ENABLE_STRICT_OBJC_MSGSEND = YES;
				ENABLE_TESTABILITY = YES;
				GCC_C_LANGUAGE_STANDARD = gnu99;
				GCC_DYNAMIC_NO_PIC = NO;
				GCC_NO_COMMON_BLOCKS = YES;
				GCC_OPTIMIZATION_LEVEL = 0;
				GCC_PREPROCESSOR_DEFINITIONS = (
					"DEBUG=1",
					"$(inherited)",
				);
				GCC_WARN_64_TO_32_BIT_CONVERSION = YES;
				GCC_WARN_ABOUT_RETURN_TYPE = YES_ERROR;
				GCC_WARN_UNDECLARED_SELECTOR = YES;
				GCC_WARN_UNINITIALIZED_AUTOS = YES_AGGRESSIVE;
				GCC_WARN_UNUSED_FUNCTION = YES;
				GCC_WARN_UNUSED_VARIABLE = YES;
				IPHONEOS_DEPLOYMENT_TARGET = 10.2;
				MTL_ENABLE_DEBUG_INFO = YES;
				ONLY_ACTIVE_ARCH = YES;
				SDKROOT = iphoneos;
				SWIFT_ACTIVE_COMPILATION_CONDITIONS = DEBUG;
				SWIFT_OPTIMIZATION_LEVEL = "-Onone";
				TARGETED_DEVICE_FAMILY = "1,2";
				VERSIONING_SYSTEM = "apple-generic";
				VERSION_INFO_PREFIX = "";
			};
			name = Debug;
		};
		89306EB01E5E321500CCBF31 /* Release */ = {
			isa = XCBuildConfiguration;
			buildSettings = {
				ALWAYS_SEARCH_USER_PATHS = NO;
				CLANG_ANALYZER_NONNULL = YES;
				CLANG_CXX_LANGUAGE_STANDARD = "gnu++0x";
				CLANG_CXX_LIBRARY = "libc++";
				CLANG_ENABLE_MODULES = YES;
				CLANG_ENABLE_OBJC_ARC = YES;
				CLANG_WARN_BOOL_CONVERSION = YES;
				CLANG_WARN_CONSTANT_CONVERSION = YES;
				CLANG_WARN_DIRECT_OBJC_ISA_USAGE = YES_ERROR;
				CLANG_WARN_DOCUMENTATION_COMMENTS = YES;
				CLANG_WARN_EMPTY_BODY = YES;
				CLANG_WARN_ENUM_CONVERSION = YES;
				CLANG_WARN_INFINITE_RECURSION = YES;
				CLANG_WARN_INT_CONVERSION = YES;
				CLANG_WARN_OBJC_ROOT_CLASS = YES_ERROR;
				CLANG_WARN_SUSPICIOUS_MOVE = YES;
				CLANG_WARN_UNREACHABLE_CODE = YES;
				CLANG_WARN__DUPLICATE_METHOD_MATCH = YES;
				"CODE_SIGN_IDENTITY[sdk=iphoneos*]" = "iPhone Developer";
				COPY_PHASE_STRIP = NO;
				CURRENT_PROJECT_VERSION = 1;
				DEBUG_INFORMATION_FORMAT = "dwarf-with-dsym";
				ENABLE_NS_ASSERTIONS = NO;
				ENABLE_STRICT_OBJC_MSGSEND = YES;
				GCC_C_LANGUAGE_STANDARD = gnu99;
				GCC_NO_COMMON_BLOCKS = YES;
				GCC_WARN_64_TO_32_BIT_CONVERSION = YES;
				GCC_WARN_ABOUT_RETURN_TYPE = YES_ERROR;
				GCC_WARN_UNDECLARED_SELECTOR = YES;
				GCC_WARN_UNINITIALIZED_AUTOS = YES_AGGRESSIVE;
				GCC_WARN_UNUSED_FUNCTION = YES;
				GCC_WARN_UNUSED_VARIABLE = YES;
				IPHONEOS_DEPLOYMENT_TARGET = 10.2;
				MTL_ENABLE_DEBUG_INFO = NO;
				SDKROOT = iphoneos;
				SWIFT_OPTIMIZATION_LEVEL = "-Owholemodule";
				TARGETED_DEVICE_FAMILY = "1,2";
				VALIDATE_PRODUCT = YES;
				VERSIONING_SYSTEM = "apple-generic";
				VERSION_INFO_PREFIX = "";
			};
			name = Release;
		};
		89306EB21E5E321500CCBF31 /* Debug */ = {
			isa = XCBuildConfiguration;
			buildSettings = {
				CLANG_ALLOW_NON_MODULAR_INCLUDES_IN_FRAMEWORK_MODULES = YES;
				CLANG_ENABLE_MODULES = YES;
				CODE_SIGN_IDENTITY = "";
				DEFINES_MODULE = YES;
				DEVELOPMENT_TEAM = 5MTJV72H66;
				DYLIB_COMPATIBILITY_VERSION = 1;
				DYLIB_CURRENT_VERSION = 1;
				DYLIB_INSTALL_NAME_BASE = "@rpath";
				FRAMEWORK_SEARCH_PATHS = (
					"$(inherited)",
					"$(PROJECT_DIR)/Pods",
					"$(PROJECT_DIR)",
					"$(PROJECT_DIR)/Carthage/Build/iOS",
					"$(PROJECT_DIR)/TrackManager",
					"$(PROJECT_DIR)/TrackManager/Frameworks",
				);
				INFOPLIST_FILE = TrackManager/Info.plist;
				INSTALL_PATH = "$(LOCAL_LIBRARY_DIR)/Frameworks";
				IPHONEOS_DEPLOYMENT_TARGET = 8.0;
				LD_RUNPATH_SEARCH_PATHS = "$(inherited) @executable_path/Frameworks @loader_path/Frameworks";
				PRODUCT_BUNDLE_IDENTIFIER = br.com.netcombo.TrackManager;
				PRODUCT_NAME = "$(TARGET_NAME)";
				SKIP_INSTALL = NO;
				SWIFT_INCLUDE_PATHS = "";
				SWIFT_OBJC_BRIDGING_HEADER = "";
				SWIFT_OPTIMIZATION_LEVEL = "-Onone";
				SWIFT_VERSION = 3.0;
			};
			name = Debug;
		};
		89306EB31E5E321500CCBF31 /* Release */ = {
			isa = XCBuildConfiguration;
			buildSettings = {
				CLANG_ALLOW_NON_MODULAR_INCLUDES_IN_FRAMEWORK_MODULES = YES;
				CLANG_ENABLE_MODULES = YES;
				CODE_SIGN_IDENTITY = "";
				DEFINES_MODULE = YES;
				DEVELOPMENT_TEAM = 5MTJV72H66;
				DYLIB_COMPATIBILITY_VERSION = 1;
				DYLIB_CURRENT_VERSION = 1;
				DYLIB_INSTALL_NAME_BASE = "@rpath";
				FRAMEWORK_SEARCH_PATHS = (
					"$(inherited)",
					"$(PROJECT_DIR)/Pods",
					"$(PROJECT_DIR)",
					"$(PROJECT_DIR)/Carthage/Build/iOS",
					"$(PROJECT_DIR)/TrackManager",
					"$(PROJECT_DIR)/TrackManager/Frameworks",
				);
				INFOPLIST_FILE = TrackManager/Info.plist;
				INSTALL_PATH = "$(LOCAL_LIBRARY_DIR)/Frameworks";
				IPHONEOS_DEPLOYMENT_TARGET = 8.0;
				LD_RUNPATH_SEARCH_PATHS = "$(inherited) @executable_path/Frameworks @loader_path/Frameworks";
				PRODUCT_BUNDLE_IDENTIFIER = br.com.netcombo.TrackManager;
				PRODUCT_NAME = "$(TARGET_NAME)";
				SKIP_INSTALL = NO;
				SWIFT_INCLUDE_PATHS = "";
				SWIFT_OBJC_BRIDGING_HEADER = "";
				SWIFT_VERSION = 3.0;
			};
			name = Release;
		};
/* End XCBuildConfiguration section */

/* Begin XCConfigurationList section */
		89306EA31E5E321500CCBF31 /* Build configuration list for PBXProject "TrackManager" */ = {
			isa = XCConfigurationList;
			buildConfigurations = (
				89306EAF1E5E321500CCBF31 /* Debug */,
				89306EB01E5E321500CCBF31 /* Release */,
			);
			defaultConfigurationIsVisible = 0;
			defaultConfigurationName = Release;
		};
		89306EB11E5E321500CCBF31 /* Build configuration list for PBXNativeTarget "TrackManager" */ = {
			isa = XCConfigurationList;
			buildConfigurations = (
				89306EB21E5E321500CCBF31 /* Debug */,
				89306EB31E5E321500CCBF31 /* Release */,
			);
			defaultConfigurationIsVisible = 0;
			defaultConfigurationName = Release;
		};
/* End XCConfigurationList section */
	};
	rootObject = 89306EA01E5E321500CCBF31 /* Project object */;
}
